
Microsoft Visual Studio Solution File, Format Version 12.00
# Visual Studio Version 17
VisualStudioVersion = 17.0.31903.59
MinimumVisualStudioVersion = 10.0.40219.1
Project("{9A19103F-16F7-4668-BE54-9A1E7A4F7556}") = "Lucas_De_Oliveira_Rosa", "ApiFolha\Lucas_De_Oliveira_Rosa.csproj", "{234CDBAA-FA61-435F-A205-45D118F33A7E}"
EndProject
Global
	GlobalSection(SolutionConfigurationPlatforms) = preSolution
		Debug|Any CPU = Debug|Any CPU
		Release|Any CPU = Release|Any CPU
	EndGlobalSection
	GlobalSection(ProjectConfigurationPlatforms) = postSolution
		{234CDBAA-FA61-435F-A205-45D118F33A7E}.Debug|Any CPU.ActiveCfg = Debug|Any CPU
		{234CDBAA-FA61-435F-A205-45D118F33A7E}.Debug|Any CPU.Build.0 = Debug|Any CPU
		{234CDBAA-FA61-435F-A205-45D118F33A7E}.Release|Any CPU.ActiveCfg = Release|Any CPU
		{234CDBAA-FA61-435F-A205-45D118F33A7E}.Release|Any CPU.Build.0 = Release|Any CPU
	EndGlobalSection
	GlobalSection(SolutionProperties) = preSolution
		HideSolutionNode = FALSE
	EndGlobalSection
	GlobalSection(ExtensibilityGlobals) = postSolution
		SolutionGuid = {255A2BCE-F2B6-446D-89BA-6169A19B569E}
	EndGlobalSection
EndGlobal
